
Microsoft Visual Studio Solution File, Format Version 10.00
# Visual Studio 2008
Project("{FAE04EC0-301F-11D3-BF4B-00C04F79EFBC}") = "TeacherSalarySystem", "WindowsFormsApplication1\TeacherSalarySystem.csproj", "{4AFB79E1-419B-41F2-995B-699B6779FC3C}"
EndProject
Global
	GlobalSection(SolutionConfigurationPlatforms) = preSolution
		Debug|Any CPU = Debug|Any CPU
		Release|Any CPU = Release|Any CPU
	EndGlobalSection
	GlobalSection(ProjectConfigurationPlatforms) = postSolution
		{4AFB79E1-419B-41F2-995B-699B6779FC3C}.Debug|Any CPU.ActiveCfg = Debug|Any CPU
		{4AFB79E1-419B-41F2-995B-699B6779FC3C}.Debug|Any CPU.Build.0 = Debug|Any CPU
		{4AFB79E1-419B-41F2-995B-699B6779FC3C}.Release|Any CPU.ActiveCfg = Release|Any CPU
		{4AFB79E1-419B-41F2-995B-699B6779FC3C}.Release|Any CPU.Build.0 = Release|Any CPU
	EndGlobalSection
	GlobalSection(SolutionProperties) = preSolution
		HideSolutionNode = FALSE
	EndGlobalSection
EndGlobal
